dependencies:
- name: ingress-nginx
  repository: https://kubernetes.github.io/ingress-nginx
  version: 4.12.2
- name: cert-manager
  repository: https://charts.jetstack.io
  version: v1.17.2
- name: base
  repository: file://base
  version: 1.0.0
- name: components-apps
  repository: file://components/apps
  version: 1.0.0
- name: components-api-gateway
  repository: file://components/api-gateway
  version: 1.0.0
digest: sha256:61f8cb00f25ba991593e57cc6c08fbc170283e1e39a023ea1b19df59330cd14d
generated: "2025-05-05T12:30:57.992658-03:00"
